
Microsoft Visual Studio Solution File, Format Version 12.00
# Visual Studio Version 17
VisualStudioVersion = 17.8.34330.188
MinimumVisualStudioVersion = 10.0.40219.1
Project("{FAE04EC0-301F-11D3-BF4B-00C04F79EFBC}") = "UnitConversionUtility", "UnitConversionUtility\UnitConversionUtility.csproj", "{ACAF8039-6B8D-4D2A-B1FD-6389B07735F1}"
EndProject
Global
	GlobalSection(SolutionConfigurationPlatforms) = preSolution
		Debug|Any CPU = Debug|Any CPU
		Release|Any CPU = Release|Any CPU
	EndGlobalSection
	GlobalSection(ProjectConfigurationPlatforms) = postSolution
		{ACAF8039-6B8D-4D2A-B1FD-6389B07735F1}.Debug|Any CPU.ActiveCfg = Debug|Any CPU
		{ACAF8039-6B8D-4D2A-B1FD-6389B07735F1}.Debug|Any CPU.Build.0 = Debug|Any CPU
		{ACAF8039-6B8D-4D2A-B1FD-6389B07735F1}.Release|Any CPU.ActiveCfg = Release|Any CPU
		{ACAF8039-6B8D-4D2A-B1FD-6389B07735F1}.Release|Any CPU.Build.0 = Release|Any CPU
	EndGlobalSection
	GlobalSection(SolutionProperties) = preSolution
		HideSolutionNode = FALSE
	EndGlobalSection
	GlobalSection(ExtensibilityGlobals) = postSolution
		SolutionGuid = {DEB3FDC7-B767-4E46-9E5B-3E12EB8C977B}
	EndGlobalSection
EndGlobal
